// !$*UTF8*$!
{
	archiveVersion = 1;
	classes = {
	};
	objectVersion = 46;
	objects = {

/* Begin PBXBuildFile section */
		65FCDC121D855D5C001AF067 /* main.m in Sources */ = {isa = PBXBuildFile; fileRef = 65FCDC111D855D5C001AF067 /* main.m */; };
		65FCDC151D855D5C001AF067 /* AppDelegate.m in Sources */ = {isa = PBXBuildFile; fileRef = 65FCDC141D855D5C001AF067 /* AppDelegate.m */; };
		65FCDC181D855D5C001AF067 /* ViewController.m in Sources */ = {isa = PBXBuildFile; fileRef = 65FCDC171D855D5C001AF067 /* ViewController.m */; };
		65FCDC1B1D855D5C001AF067 /* Main.storyboard in Resources */ = {isa = PBXBuildFile; fileRef = 65FCDC191D855D5C001AF067 /* Main.storyboard */; };
		65FCDC1D1D855D5C001AF067 /* Assets.xcassets in Resources */ = {isa = PBXBuildFile; fileRef = 65FCDC1C1D855D5C001AF067 /* Assets.xcassets */; };
		65FCDC201D855D5C001AF067 /* LaunchScreen.storyboard in Resources */ = {isa = PBXBuildFile; fileRef = 65FCDC1E1D855D5C001AF067 /* LaunchScreen.storyboard */; };
		65FCDC2B1D855D5C001AF067 /* luckymanTests.m in Sources */ = {isa = PBXBuildFile; fileRef = 65FCDC2A1D855D5C001AF067 /* luckymanTests.m */; };
		65FCDC361D855D5C001AF067 /* luckymanUITests.m in Sources */ = {isa = PBXBuildFile; fileRef = 65FCDC351D855D5C001AF067 /* luckymanUITests.m */; };
/* End PBXBuildFile section */

/* Begin PBXContainerItemProxy section */
		65FCDC271D855D5C001AF067 /* PBXContainerItemProxy */ = {
			isa = PBXContainerItemProxy;
			containerPortal = 65FCDC051D855D5C001AF067 /* Project object */;
			proxyType = 1;
			remoteGlobalIDString = 65FCDC0C1D855D5C001AF067;
			remoteInfo = luckyman;
		};
		65FCDC321D855D5C001AF067 /* PBXContainerItemProxy */ = {
			isa = PBXContainerItemProxy;
			containerPortal = 65FCDC051D855D5C001AF067 /* Project object */;
			proxyType = 1;
			remoteGlobalIDString = 65FCDC0C1D855D5C001AF067;
			remoteInfo = luckyman;
		};
/* End PBXContainerItemProxy section */

/* Begin PBXFileReference section */
		65FCDC0D1D855D5C001AF067 /* luckyman.app */ = {isa = PBXFileReference; explicitFileType = wrapper.application; includeInIndex = 0; path = luckyman.app; sourceTree = BUILT_PRODUCTS_DIR; };
		65FCDC111D855D5C001AF067 /* main.m */ = {isa = PBXFileReference; lastKnownFileType = sourcecode.c.objc; path = main.m; sourceTree = "<group>"; };
		65FCDC131D855D5C001AF067 /* AppDelegate.h */ = {isa = PBXFileReference; lastKnownFileType = sourcecode.c.h; path = AppDelegate.h; sourceTree = "<group>"; };
		65FCDC141D855D5C001AF067 /* AppDelegate.m */ = {isa = PBXFileReference; lastKnownFileType = sourcecode.c.objc; path = AppDelegate.m; sourceTree = "<group>"; };
		65FCDC161D855D5C001AF067 /* ViewController.h */ = {isa = PBXFileReference; lastKnownFileType = sourcecode.c.h; path = ViewController.h; sourceTree = "<group>"; };
		65FCDC171D855D5C001AF067 /* ViewController.m */ = {isa = PBXFileReference; lastKnownFileType = sourcecode.c.objc; path = ViewController.m; sourceTree = "<group>"; };
		65FCDC1A1D855D5C001AF067 /* Base */ = {isa = PBXFileReference; lastKnownFileType = file.storyboard; name = Base; path = Base.lproj/Main.storyboard; sourceTree = "<group>"; };
		65FCDC1C1D855D5C001AF067 /* Assets.xcassets */ = {isa = PBXFileReference; lastKnownFileType = folder.assetcatalog; path = Assets.xcassets; sourceTree = "<group>"; };
		65FCDC1F1D855D5C001AF067 /* Base */ = {isa = PBXFileReference; lastKnownFileType = file.storyboard; name = Base; path = Base.lproj/LaunchScreen.storyboard; sourceTree = "<group>"; };
		65FCDC211D855D5C001AF067 /* Info.plist */ = {isa = PBXFileReference; lastKnownFileType = text.plist.xml; path = Info.plist; sourceTree = "<group>"; };
		65FCDC261D855D5C001AF067 /* luckymanTests.xctest */ = {isa = PBXFileReference; explicitFileType = wrapper.cfbundle; includeInIndex = 0; path = luckymanTests.xctest; sourceTree = BUILT_PRODUCTS_DIR; };
		65FCDC2A1D855D5C001AF067 /* luckymanTests.m */ = {isa = PBXFileReference; lastKnownFileType = sourcecode.c.objc; path = luckymanTests.m; sourceTree = "<group>"; };
		65FCDC2C1D855D5C001AF067 /* Info.plist */ = {isa = PBXFileReference; lastKnownFileType = text.plist.xml; path = Info.plist; sourceTree = "<group>"; };
		65FCDC311D855D5C001AF067 /* luckymanUITests.xctest */ = {isa = PBXFileReference; explicitFileType = wrapper.cfbundle; includeInIndex = 0; path = luckymanUITests.xctest; sourceTree = BUILT_PRODUCTS_DIR; };
		65FCDC351D855D5C001AF067 /* luckymanUITests.m */ = {isa = PBXFileReference; lastKnownFileType = sourcecode.c.objc; path = luckymanUITests.m; sourceTree = "<group>"; };
		65FCDC371D855D5C001AF067 /* Info.plist */ = {isa = PBXFileReference; lastKnownFileType = text.plist.xml; path = Info.plist; sourceTree = "<group>"; };
/* End PBXFileReference section */

/* Begin PBXFrameworksBuildPhase section */
		65FCDC0A1D855D5C001AF067 /* Frameworks */ = {
			isa = PBXFrameworksBuildPhase;
			buildActionMask = 2147483647;
			files = (
			);
			runOnlyForDeploymentPostprocessing = 0;
		};
		65FCDC231D855D5C001AF067 /* Frameworks */ = {
			isa = PBXFrameworksBuildPhase;
			buildActionMask = 2147483647;
			files = (
			);
			runOnlyForDeploymentPostprocessing = 0;
		};
		65FCDC2E1D855D5C001AF067 /* Frameworks */ = {
			isa = PBXFrameworksBuildPhase;
			buildActionMask = 2147483647;
			files = (
			);
			runOnlyForDeploymentPostprocessing = 0;
		};
/* End PBXFrameworksBuildPhase section */

/* Begin PBXGroup section */
		65FCDC041D855D5C001AF067 = {
			isa = PBXGroup;
			children = (
				65FCDC0F1D855D5C001AF067 /* luckyman */,
				65FCDC291D855D5C001AF067 /* luckymanTests */,
				65FCDC341D855D5C001AF067 /* luckymanUITests */,
				65FCDC0E1D855D5C001AF067 /* Products */,
			);
			sourceTree = "<group>";
		};
		65FCDC0E1D855D5C001AF067 /* Products */ = {
			isa = PBXGroup;
			children = (
				65FCDC0D1D855D5C001AF067 /* luckyman.app */,
				65FCDC261D855D5C001AF067 /* luckymanTests.xctest */,
				65FCDC311D855D5C001AF067 /* luckymanUITests.xctest */,
			);
			name = Products;
			sourceTree = "<group>";
		};
		65FCDC0F1D855D5C001AF067 /* luckyman */ = {
			isa = PBXGroup;
			children = (
				65FCDC131D855D5C001AF067 /* AppDelegate.h */,
				65FCDC141D855D5C001AF067 /* AppDelegate.m */,
				65FCDC161D855D5C001AF067 /* ViewController.h */,
				65FCDC171D855D5C001AF067 /* ViewController.m */,
				65FCDC191D855D5C001AF067 /* Main.storyboard */,
				65FCDC1C1D855D5C001AF067 /* Assets.xcassets */,
				65FCDC1E1D855D5C001AF067 /* LaunchScreen.storyboard */,
				65FCDC211D855D5C001AF067 /* Info.plist */,
				65FCDC101D855D5C001AF067 /* Supporting Files */,
			);
			path = luckyman;
			sourceTree = "<group>";
		};
		65FCDC101D855D5C001AF067 /* Supporting Files */ = {
			isa = PBXGroup;
			children = (
				65FCDC111D855D5C001AF067 /* main.m */,
			);
			name = "Supporting Files";
			sourceTree = "<group>";
		};
		65FCDC291D855D5C001AF067 /* luckymanTests */ = {
			isa = PBXGroup;
			children = (
				65FCDC2A1D855D5C001AF067 /* luckymanTests.m */,
				65FCDC2C1D855D5C001AF067 /* Info.plist */,
			);
			path = luckymanTests;
			sourceTree = "<group>";
		};
		65FCDC341D855D5C001AF067 /* luckymanUITests */ = {
			isa = PBXGroup;
			children = (
				65FCDC351D855D5C001AF067 /* luckymanUITests.m */,
				65FCDC371D855D5C001AF067 /* Info.plist */,
			);
			path = luckymanUITests;
			sourceTree = "<group>";
		};
/* End PBXGroup section */

/* Begin PBXNativeTarget section */
		65FCDC0C1D855D5C001AF067 /* luckyman */ = {
			isa = PBXNativeTarget;
			buildConfigurationList = 65FCDC3A1D855D5C001AF067 /* Build configuration list for PBXNativeTarget "luckyman" */;
			buildPhases = (
				65FCDC091D855D5C001AF067 /* Sources */,
				65FCDC0A1D855D5C001AF067 /* Frameworks */,
				65FCDC0B1D855D5C001AF067 /* Resources */,
			);
			buildRules = (
			);
			dependencies = (
			);
			name = luckyman;
			productName = luckyman;
			productReference = 65FCDC0D1D855D5C001AF067 /* luckyman.app */;
			productType = "com.apple.product-type.application";
		};
		65FCDC251D855D5C001AF067 /* luckymanTests */ = {
			isa = PBXNativeTarget;
			buildConfigurationList = 65FCDC3D1D855D5C001AF067 /* Build configuration list for PBXNativeTarget "luckymanTests" */;
			buildPhases = (
				65FCDC221D855D5C001AF067 /* Sources */,
				65FCDC231D855D5C001AF067 /* Frameworks */,
				65FCDC241D855D5C001AF067 /* Resources */,
			);
			buildRules = (
			);
			dependencies = (
				65FCDC281D855D5C001AF067 /* PBXTargetDependency */,
			);
			name = luckymanTests;
			productName = luckymanTests;
			productReference = 65FCDC261D855D5C001AF067 /* luckymanTests.xctest */;
			productType = "com.apple.product-type.bundle.unit-test";
		};
		65FCDC301D855D5C001AF067 /* luckymanUITests */ = {
			isa = PBXNativeTarget;
			buildConfigurationList = 65FCDC401D855D5C001AF067 /* Build configuration list for PBXNativeTarget "luckymanUITests" */;
			buildPhases = (
				65FCDC2D1D855D5C001AF067 /* Sources */,
				65FCDC2E1D855D5C001AF067 /* Frameworks */,
				65FCDC2F1D855D5C001AF067 /* Resources */,
			);
			buildRules = (
			);
			dependencies = (
				65FCDC331D855D5C001AF067 /* PBXTargetDependency */,
			);
			name = luckymanUITests;
			productName = luckymanUITests;
			productReference = 65FCDC311D855D5C001AF067 /* luckymanUITests.xctest */;
			productType = "com.apple.product-type.bundle.ui-testing";
		};
/* End PBXNativeTarget section */

/* Begin PBXProject section */
		65FCDC051D855D5C001AF067 /* Project object */ = {
			isa = PBXProject;
			attributes = {
				LastUpgradeCheck = 0730;
				ORGANIZATIONNAME = jcl;
				TargetAttributes = {
					65FCDC0C1D855D5C001AF067 = {
						CreatedOnToolsVersion = 7.3;
					};
					65FCDC251D855D5C001AF067 = {
						CreatedOnToolsVersion = 7.3;
						TestTargetID = 65FCDC0C1D855D5C001AF067;
					};
					65FCDC301D855D5C001AF067 = {
						CreatedOnToolsVersion = 7.3;
						TestTargetID = 65FCDC0C1D855D5C001AF067;
					};
				};
			};
			buildConfigurationList = 65FCDC081D855D5C001AF067 /* Build configuration list for PBXProject "luckyman" */;
			compatibilityVersion = "Xcode 3.2";
			developmentRegion = English;
			hasScannedForEncodings = 0;
			knownRegions = (
				en,
				Base,
			);
			mainGroup = 65FCDC041D855D5C001AF067;
			productRefGroup = 65FCDC0E1D855D5C001AF067 /* Products */;
			projectDirPath = "";
			projectRoot = "";
			targets = (
				65FCDC0C1D855D5C001AF067 /* luckyman */,
				65FCDC251D855D5C001AF067 /* luckymanTests */,
				65FCDC301D855D5C001AF067 /* luckymanUITests */,
			);
		};
/* End PBXProject section */

/* Begin PBXResourcesBuildPhase section */
		65FCDC0B1D855D5C001AF067 /* Resources */ = {
			isa = PBXResourcesBuildPhase;
			buildActionMask = 2147483647;
			files = (
				65FCDC201D855D5C001AF067 /* LaunchScreen.storyboard in Resources */,
				65FCDC1D1D855D5C001AF067 /* Assets.xcassets in Resources */,
				65FCDC1B1D855D5C001AF067 /* Main.storyboard in Resources */,
			);
			runOnlyForDeploymentPostprocessing = 0;
		};
		65FCDC241D855D5C001AF067 /* Resources */ = {
			isa = PBXResourcesBuildPhase;
			buildActionMask = 2147483647;
			files = (
			);
			runOnlyForDeploymentPostprocessing = 0;
		};
		65FCDC2F1D855D5C001AF067 /* Resources */ = {
			isa = PBXResourcesBuildPhase;
			buildActionMask = 2147483647;
			files = (
			);
			runOnlyForDeploymentPostprocessing = 0;
		};
/* End PBXResourcesBuildPhase section */

/* Begin PBXSourcesBuildPhase section */
		65FCDC091D855D5C001AF067 /* Sources */ = {
			isa = PBXSourcesBuildPhase;
			buildActionMask = 2147483647;
			files = (
				65FCDC181D855D5C001AF067 /* ViewController.m in Sources */,
				65FCDC151D855D5C001AF067 /* AppDelegate.m in Sources */,
				65FCDC121D855D5C001AF067 /* main.m in Sources */,
			);
			runOnlyForDeploymentPostprocessing = 0;
		};
		65FCDC221D855D5C001AF067 /* Sources */ = {
			isa = PBXSourcesBuildPhase;
			buildActionMask = 2147483647;
			files = (
				65FCDC2B1D855D5C001AF067 /* luckymanTests.m in Sources */,
			);
			runOnlyForDeploymentPostprocessing = 0;
		};
		65FCDC2D1D855D5C001AF067 /* Sources */ = {
			isa = PBXSourcesBuildPhase;
			buildActionMask = 2147483647;
			files = (
				65FCDC361D855D5C001AF067 /* luckymanUITests.m in Sources */,
			);
			runOnlyForDeploymentPostprocessing = 0;
		};
/* End PBXSourcesBuildPhase section */

/* Begin PBXTargetDependency section */
		65FCDC281D855D5C001AF067 /* PBXTargetDependency */ = {
			isa = PBXTargetDependency;
			target = 65FCDC0C1D855D5C001AF067 /* luckyman */;
			targetProxy = 65FCDC271D855D5C001AF067 /* PBXContainerItemProxy */;
		};
		65FCDC331D855D5C001AF067 /* PBXTargetDependency */ = {
			isa = PBXTargetDependency;
			target = 65FCDC0C1D855D5C001AF067 /* luckyman */;
			targetProxy = 65FCDC321D855D5C001AF067 /* PBXContainerItemProxy */;
		};
/* End PBXTargetDependency section */

/* Begin PBXVariantGroup section */
		65FCDC191D855D5C001AF067 /* Main.storyboard */ = {
			isa = PBXVariantGroup;
			children = (
				65FCDC1A1D855D5C001AF067 /* Base */,
			);
			name = Main.storyboard;
			sourceTree = "<group>";
		};
		65FCDC1E1D855D5C001AF067 /* LaunchScreen.storyboard */ = {
			isa = PBXVariantGroup;
			children = (
				65FCDC1F1D855D5C001AF067 /* Base */,
			);
			name = LaunchScreen.storyboard;
			sourceTree = "<group>";
		};
/* End PBXVariantGroup section */

/* Begin XCBuildConfiguration section */
		65FCDC381D855D5C001AF067 /* Debug */ = {
			isa = XCBuildConfiguration;
			buildSettings = {
				ALWAYS_SEARCH_USER_PATHS = NO;
				CLANG_ANALYZER_NONNULL = YES;
				CLANG_CXX_LANGUAGE_STANDARD = "gnu++0x";
				CLANG_CXX_LIBRARY = "libc++";
				CLANG_ENABLE_MODULES = YES;
				CLANG_ENABLE_OBJC_ARC = YES;
				CLANG_WARN_BOOL_CONVERSION = YES;
				CLANG_WARN_CONSTANT_CONVERSION = YES;
				CLANG_WARN_DIRECT_OBJC_ISA_USAGE = YES_ERROR;
				CLANG_WARN_EMPTY_BODY = YES;
				CLANG_WARN_ENUM_CONVERSION = YES;
				CLANG_WARN_INT_CONVERSION = YES;
				CLANG_WARN_OBJC_ROOT_CLASS = YES_ERROR;
				CLANG_WARN_UNREACHABLE_CODE = YES;
				CLANG_WARN__DUPLICATE_METHOD_MATCH = YES;
				"CODE_SIGN_IDENTITY[sdk=iphoneos*]" = "iPhone Developer";
				COPY_PHASE_STRIP = NO;
				DEBUG_INFORMATION_FORMAT = dwarf;
				ENABLE_STRICT_OBJC_MSGSEND = YES;
				ENABLE_TESTABILITY = YES;
				GCC_C_LANGUAGE_STANDARD = gnu99;
				GCC_DYNAMIC_NO_PIC = NO;
				GCC_NO_COMMON_BLOCKS = YES;
				GCC_OPTIMIZATION_LEVEL = 0;
				GCC_PREPROCESSOR_DEFINITIONS = (
					"DEBUG=1",
					"$(inherited)",
				);
				GCC_WARN_64_TO_32_BIT_CONVERSION = YES;
				GCC_WARN_ABOUT_RETURN_TYPE = YES_ERROR;
				GCC_WARN_UNDECLARED_SELECTOR = YES;
				GCC_WARN_UNINITIALIZED_AUTOS = YES_AGGRESSIVE;
				GCC_WARN_UNUSED_FUNCTION = YES;
				GCC_WARN_UNUSED_VARIABLE = YES;
				IPHONEOS_DEPLOYMENT_TARGET = 9.3;
				MTL_ENABLE_DEBUG_INFO = YES;
				ONLY_ACTIVE_ARCH = YES;
				SDKROOT = iphoneos;
				TARGETED_DEVICE_FAMILY = "1,2";
			};
			name = Debug;
		};
		65FCDC391D855D5C001AF067 /* Release */ = {
			isa = XCBuildConfiguration;
			buildSettings = {
				ALWAYS_SEARCH_USER_PATHS = NO;
				CLANG_ANALYZER_NONNULL = YES;
				CLANG_CXX_LANGUAGE_STANDARD = "gnu++0x";
				CLANG_CXX_LIBRARY = "libc++";
				CLANG_ENABLE_MODULES = YES;
				CLANG_ENABLE_OBJC_ARC = YES;
				CLANG_WARN_BOOL_CONVERSION = YES;
				CLANG_WARN_CONSTANT_CONVERSION = YES;
				CLANG_WARN_DIRECT_OBJC_ISA_USAGE = YES_ERROR;
				CLANG_WARN_EMPTY_BODY = YES;
				CLANG_WARN_ENUM_CONVERSION = YES;
				CLANG_WARN_INT_CONVERSION = YES;
				CLANG_WARN_OBJC_ROOT_CLASS = YES_ERROR;
				CLANG_WARN_UNREACHABLE_CODE = YES;
				CLANG_WARN__DUPLICATE_METHOD_MATCH = YES;
				"CODE_SIGN_IDENTITY[sdk=iphoneos*]" = "iPhone Developer";
				COPY_PHASE_STRIP = NO;
				DEBUG_INFORMATION_FORMAT = "dwarf-with-dsym";
				ENABLE_NS_ASSERTIONS = NO;
				ENABLE_STRICT_OBJC_MSGSEND = YES;
				GCC_C_LANGUAGE_STANDARD = gnu99;
				GCC_NO_COMMON_BLOCKS = YES;
				GCC_WARN_64_TO_32_BIT_CONVERSION = YES;
				GCC_WARN_ABOUT_RETURN_TYPE = YES_ERROR;
				GCC_WARN_UNDECLARED_SELECTOR = YES;
				GCC_WARN_UNINITIALIZED_AUTOS = YES_AGGRESSIVE;
				GCC_WARN_UNUSED_FUNCTION = YES;
				GCC_WARN_UNUSED_VARIABLE = YES;
				IPHONEOS_DEPLOYMENT_TARGET = 9.3;
				MTL_ENABLE_DEBUG_INFO = NO;
				SDKROOT = iphoneos;
				TARGETED_DEVICE_FAMILY = "1,2";
				VALIDATE_PRODUCT = YES;
			};
			name = Release;
		};
		65FCDC3B1D855D5C001AF067 /* Debug */ = {
			isa = XCBuildConfiguration;
			buildSettings = {
				ASSETCATALOG_COMPILER_APPICON_NAME = AppIcon;
				INFOPLIST_FILE = luckyman/Info.plist;
				LD_RUNPATH_SEARCH_PATHS = "$(inherited) @executable_path/Frameworks";
				PRODUCT_BUNDLE_IDENTIFIER = jcl.luckyman;
				PRODUCT_NAME = "$(TARGET_NAME)";
			};
			name = Debug;
		};
		65FCDC3C1D855D5C001AF067 /* Release */ = {
			isa = XCBuildConfiguration;
			buildSettings = {
				ASSETCATALOG_COMPILER_APPICON_NAME = AppIcon;
				INFOPLIST_FILE = luckyman/Info.plist;
				LD_RUNPATH_SEARCH_PATHS = "$(inherited) @executable_path/Frameworks";
				PRODUCT_BUNDLE_IDENTIFIER = jcl.luckyman;
				PRODUCT_NAME = "$(TARGET_NAME)";
			};
			name = Release;
		};
		65FCDC3E1D855D5C001AF067 /* Debug */ = {
			isa = XCBuildConfiguration;
			buildSettings = {
				BUNDLE_LOADER = "$(TEST_HOST)";
				INFOPLIST_FILE = luckymanTests/Info.plist;
				LD_RUNPATH_SEARCH_PATHS = "$(inherited) @executable_path/Frameworks @loader_path/Frameworks";
				PRODUCT_BUNDLE_IDENTIFIER = jcl.luckymanTests;
				PRODUCT_NAME = "$(TARGET_NAME)";
				TEST_HOST = "$(BUILT_PRODUCTS_DIR)/luckyman.app/luckyman";
			};
			name = Debug;
		};
		65FCDC3F1D855D5C001AF067 /* Release */ = {
			isa = XCBuildConfiguration;
			buildSettings = {
				BUNDLE_LOADER = "$(TEST_HOST)";
				INFOPLIST_FILE = luckymanTests/Info.plist;
				LD_RUNPATH_SEARCH_PATHS = "$(inherited) @executable_path/Frameworks @loader_path/Frameworks";
				PRODUCT_BUNDLE_IDENTIFIER = jcl.luckymanTests;
				PRODUCT_NAME = "$(TARGET_NAME)";
				TEST_HOST = "$(BUILT_PRODUCTS_DIR)/luckyman.app/luckyman";
			};
			name = Release;
		};
		65FCDC411D855D5C001AF067 /* Debug */ = {
			isa = XCBuildConfiguration;
			buildSettings = {
				INFOPLIST_FILE = luckymanUITests/Info.plist;
				LD_RUNPATH_SEARCH_PATHS = "$(inherited) @executable_path/Frameworks @loader_path/Frameworks";
				PRODUCT_BUNDLE_IDENTIFIER = jcl.luckymanUITests;
				PRODUCT_NAME = "$(TARGET_NAME)";
				TEST_TARGET_NAME = luckyman;
			};
			name = Debug;
		};
		65FCDC421D855D5C001AF067 /* Release */ = {
			isa = XCBuildConfiguration;
			buildSettings = {
				INFOPLIST_FILE = luckymanUITests/Info.plist;
				LD_RUNPATH_SEARCH_PATHS = "$(inherited) @executable_path/Frameworks @loader_path/Frameworks";
				PRODUCT_BUNDLE_IDENTIFIER = jcl.luckymanUITests;
				PRODUCT_NAME = "$(TARGET_NAME)";
				TEST_TARGET_NAME = luckyman;
			};
			name = Release;
		};
/* End XCBuildConfiguration section */

/* Begin XCConfigurationList section */
		65FCDC081D855D5C001AF067 /* Build configuration list for PBXProject "luckyman" */ = {
			isa = XCConfigurationList;
			buildConfigurations = (
				65FCDC381D855D5C001AF067 /* Debug */,
				65FCDC391D855D5C001AF067 /* Release */,
			);
			defaultConfigurationIsVisible = 0;
			defaultConfigurationName = Release;
		};
		65FCDC3A1D855D5C001AF067 /* Build configuration list for PBXNativeTarget "luckyman" */ = {
			isa = XCConfigurationList;
			buildConfigurations = (
				65FCDC3B1D855D5C001AF067 /* Debug */,
				65FCDC3C1D855D5C001AF067 /* Release */,
			);
			defaultConfigurationIsVisible = 0;
		};
		65FCDC3D1D855D5C001AF067 /* Build configuration list for PBXNativeTarget "luckymanTests" */ = {
			isa = XCConfigurationList;
			buildConfigurations = (
				65FCDC3E1D855D5C001AF067 /* Debug */,
				65FCDC3F1D855D5C001AF067 /* Release */,
			);
			defaultConfigurationIsVisible = 0;
		};
		65FCDC401D855D5C001AF067 /* Build configuration list for PBXNativeTarget "luckymanUITests" */ = {
			isa = XCConfigurationList;
			buildConfigurations = (
				65FCDC411D855D5C001AF067 /* Debug */,
				65FCDC421D855D5C001AF067 /* Release */,
			);
			defaultConfigurationIsVisible = 0;
		};
/* End XCConfigurationList section */
	};
	rootObject = 65FCDC051D855D5C001AF067 /* Project object */;
}
